
Microsoft Visual Studio Solution File, Format Version 12.00
# Visual Studio Version 17
VisualStudioVersion = 17.13.35913.81
MinimumVisualStudioVersion = 10.0.40219.1
Project("{8BC9CEB8-8B4A-11D0-8D11-00A0C91BC942}") = "TEST", "자료구조\자료구조.vcxproj", "{7B986798-B04C-46C8-9480-33E1983A13B5}"
EndProject
Project("{8BC9CEB8-8B4A-11D0-8D11-00A0C91BC942}") = "24463", "미로\미로.vcxproj", "{79CA727C-7FDA-4950-B171-67B0DB735260}"
EndProject
Project("{8BC9CEB8-8B4A-11D0-8D11-00A0C91BC942}") = "1726", "1726\1726.vcxproj", "{12EA62E6-585F-4DFB-9ABC-BB2A00593174}"
EndProject
Project("{8BC9CEB8-8B4A-11D0-8D11-00A0C91BC942}") = "16953", "16953\16953.vcxproj", "{8FB96982-22E4-42EB-873B-186F5A948C72}"
EndProject
Project("{8BC9CEB8-8B4A-11D0-8D11-00A0C91BC942}") = "2206", "2206\2206.vcxproj", "{3FFEB4E8-5500-4B44-A2EC-3B1918E4F85D}"
EndProject
Project("{8BC9CEB8-8B4A-11D0-8D11-00A0C91BC942}") = "14503", "14503\14503.vcxproj", "{95F3916F-74ED-4F4A-A772-0FBAD723FCE8}"
EndProject
Project("{8BC9CEB8-8B4A-11D0-8D11-00A0C91BC942}") = "16236", "16236\16236.vcxproj", "{683AB75E-4DE3-495C-875F-3DA2E828D8B6}"
EndProject
Project("{8BC9CEB8-8B4A-11D0-8D11-00A0C91BC942}") = "9095", "9095\9095.vcxproj", "{CBBA33DD-D96C-40CB-97EB-B3402595C304}"
EndProject
Project("{8BC9CEB8-8B4A-11D0-8D11-00A0C91BC942}") = "2579", "2579\2579.vcxproj", "{5335A360-3BA1-433D-B6B3-E032FDE09723}"
EndProject
Project("{8BC9CEB8-8B4A-11D0-8D11-00A0C91BC942}") = "2193", "2193\2193.vcxproj", "{04DA97A0-EBE4-4BB5-8CD3-2B9A4609387F}"
EndProject
Project("{8BC9CEB8-8B4A-11D0-8D11-00A0C91BC942}") = "1463", "1463\1463.vcxproj", "{3FE7F7C8-7075-45C2-8EE3-D019586C50E1}"
EndProject
Project("{8BC9CEB8-8B4A-11D0-8D11-00A0C91BC942}") = "11727", "11727\11727.vcxproj", "{98E3A008-61F7-4AE5-A2F7-CFD415140598}"
EndProject
Project("{8BC9CEB8-8B4A-11D0-8D11-00A0C91BC942}") = "11053", "11053\11053.vcxproj", "{87424B9C-E39A-4CF1-8C60-B697A1A2A281}"
EndProject
Project("{8BC9CEB8-8B4A-11D0-8D11-00A0C91BC942}") = "1932", "1932\1932.vcxproj", "{9C5A01B3-AE72-4659-A271-5848BAE76B33}"
EndProject
Project("{8BC9CEB8-8B4A-11D0-8D11-00A0C91BC942}") = "2156", "2156\2156.vcxproj", "{11964EEB-F057-4F42-85BA-3295B5CF908C}"
EndProject
Project("{8BC9CEB8-8B4A-11D0-8D11-00A0C91BC942}") = "2294", "2294\2294.vcxproj", "{35F9EE7B-0A04-4451-89B9-C2F89C73016A}"
EndProject
Project("{8BC9CEB8-8B4A-11D0-8D11-00A0C91BC942}") = "git_TEST", "git_TEST\git_TEST.vcxproj", "{A7EAE04B-C45E-4149-8653-0897E45BD021}"
EndProject
Global
	GlobalSection(SolutionConfigurationPlatforms) = preSolution
		Debug|x64 = Debug|x64
		Debug|x86 = Debug|x86
		Release|x64 = Release|x64
		Release|x86 = Release|x86
	EndGlobalSection
	GlobalSection(ProjectConfigurationPlatforms) = postSolution
		{7B986798-B04C-46C8-9480-33E1983A13B5}.Debug|x64.ActiveCfg = Debug|x64
		{7B986798-B04C-46C8-9480-33E1983A13B5}.Debug|x64.Build.0 = Debug|x64
		{7B986798-B04C-46C8-9480-33E1983A13B5}.Debug|x86.ActiveCfg = Debug|Win32
		{7B986798-B04C-46C8-9480-33E1983A13B5}.Debug|x86.Build.0 = Debug|Win32
		{7B986798-B04C-46C8-9480-33E1983A13B5}.Release|x64.ActiveCfg = Release|x64
		{7B986798-B04C-46C8-9480-33E1983A13B5}.Release|x64.Build.0 = Release|x64
		{7B986798-B04C-46C8-9480-33E1983A13B5}.Release|x86.ActiveCfg = Release|Win32
		{7B986798-B04C-46C8-9480-33E1983A13B5}.Release|x86.Build.0 = Release|Win32
		{79CA727C-7FDA-4950-B171-67B0DB735260}.Debug|x64.ActiveCfg = Debug|x64
		{79CA727C-7FDA-4950-B171-67B0DB735260}.Debug|x64.Build.0 = Debug|x64
		{79CA727C-7FDA-4950-B171-67B0DB735260}.Debug|x86.ActiveCfg = Debug|Win32
		{79CA727C-7FDA-4950-B171-67B0DB735260}.Debug|x86.Build.0 = Debug|Win32
		{79CA727C-7FDA-4950-B171-67B0DB735260}.Release|x64.ActiveCfg = Release|x64
		{79CA727C-7FDA-4950-B171-67B0DB735260}.Release|x64.Build.0 = Release|x64
		{79CA727C-7FDA-4950-B171-67B0DB735260}.Release|x86.ActiveCfg = Release|Win32
		{79CA727C-7FDA-4950-B171-67B0DB735260}.Release|x86.Build.0 = Release|Win32
		{12EA62E6-585F-4DFB-9ABC-BB2A00593174}.Debug|x64.ActiveCfg = Debug|x64
		{12EA62E6-585F-4DFB-9ABC-BB2A00593174}.Debug|x64.Build.0 = Debug|x64
		{12EA62E6-585F-4DFB-9ABC-BB2A00593174}.Debug|x86.ActiveCfg = Debug|Win32
		{12EA62E6-585F-4DFB-9ABC-BB2A00593174}.Debug|x86.Build.0 = Debug|Win32
		{12EA62E6-585F-4DFB-9ABC-BB2A00593174}.Release|x64.ActiveCfg = Release|x64
		{12EA62E6-585F-4DFB-9ABC-BB2A00593174}.Release|x64.Build.0 = Release|x64
		{12EA62E6-585F-4DFB-9ABC-BB2A00593174}.Release|x86.ActiveCfg = Release|Win32
		{12EA62E6-585F-4DFB-9ABC-BB2A00593174}.Release|x86.Build.0 = Release|Win32
		{8FB96982-22E4-42EB-873B-186F5A948C72}.Debug|x64.ActiveCfg = Debug|x64
		{8FB96982-22E4-42EB-873B-186F5A948C72}.Debug|x64.Build.0 = Debug|x64
		{8FB96982-22E4-42EB-873B-186F5A948C72}.Debug|x86.ActiveCfg = Debug|Win32
		{8FB96982-22E4-42EB-873B-186F5A948C72}.Debug|x86.Build.0 = Debug|Win32
		{8FB96982-22E4-42EB-873B-186F5A948C72}.Release|x64.ActiveCfg = Release|x64
		{8FB96982-22E4-42EB-873B-186F5A948C72}.Release|x64.Build.0 = Release|x64
		{8FB96982-22E4-42EB-873B-186F5A948C72}.Release|x86.ActiveCfg = Release|Win32
		{8FB96982-22E4-42EB-873B-186F5A948C72}.Release|x86.Build.0 = Release|Win32
		{3FFEB4E8-5500-4B44-A2EC-3B1918E4F85D}.Debug|x64.ActiveCfg = Debug|x64
		{3FFEB4E8-5500-4B44-A2EC-3B1918E4F85D}.Debug|x64.Build.0 = Debug|x64
		{3FFEB4E8-5500-4B44-A2EC-3B1918E4F85D}.Debug|x86.ActiveCfg = Debug|Win32
		{3FFEB4E8-5500-4B44-A2EC-3B1918E4F85D}.Debug|x86.Build.0 = Debug|Win32
		{3FFEB4E8-5500-4B44-A2EC-3B1918E4F85D}.Release|x64.ActiveCfg = Release|x64
		{3FFEB4E8-5500-4B44-A2EC-3B1918E4F85D}.Release|x64.Build.0 = Release|x64
		{3FFEB4E8-5500-4B44-A2EC-3B1918E4F85D}.Release|x86.ActiveCfg = Release|Win32
		{3FFEB4E8-5500-4B44-A2EC-3B1918E4F85D}.Release|x86.Build.0 = Release|Win32
		{95F3916F-74ED-4F4A-A772-0FBAD723FCE8}.Debug|x64.ActiveCfg = Debug|x64
		{95F3916F-74ED-4F4A-A772-0FBAD723FCE8}.Debug|x64.Build.0 = Debug|x64
		{95F3916F-74ED-4F4A-A772-0FBAD723FCE8}.Debug|x86.ActiveCfg = Debug|Win32
		{95F3916F-74ED-4F4A-A772-0FBAD723FCE8}.Debug|x86.Build.0 = Debug|Win32
		{95F3916F-74ED-4F4A-A772-0FBAD723FCE8}.Release|x64.ActiveCfg = Release|x64
		{95F3916F-74ED-4F4A-A772-0FBAD723FCE8}.Release|x64.Build.0 = Release|x64
		{95F3916F-74ED-4F4A-A772-0FBAD723FCE8}.Release|x86.ActiveCfg = Release|Win32
		{95F3916F-74ED-4F4A-A772-0FBAD723FCE8}.Release|x86.Build.0 = Release|Win32
		{683AB75E-4DE3-495C-875F-3DA2E828D8B6}.Debug|x64.ActiveCfg = Debug|x64
		{683AB75E-4DE3-495C-875F-3DA2E828D8B6}.Debug|x64.Build.0 = Debug|x64
		{683AB75E-4DE3-495C-875F-3DA2E828D8B6}.Debug|x86.ActiveCfg = Debug|Win32
		{683AB75E-4DE3-495C-875F-3DA2E828D8B6}.Debug|x86.Build.0 = Debug|Win32
		{683AB75E-4DE3-495C-875F-3DA2E828D8B6}.Release|x64.ActiveCfg = Release|x64
		{683AB75E-4DE3-495C-875F-3DA2E828D8B6}.Release|x64.Build.0 = Release|x64
		{683AB75E-4DE3-495C-875F-3DA2E828D8B6}.Release|x86.ActiveCfg = Release|Win32
		{683AB75E-4DE3-495C-875F-3DA2E828D8B6}.Release|x86.Build.0 = Release|Win32
		{CBBA33DD-D96C-40CB-97EB-B3402595C304}.Debug|x64.ActiveCfg = Debug|x64
		{CBBA33DD-D96C-40CB-97EB-B3402595C304}.Debug|x64.Build.0 = Debug|x64
		{CBBA33DD-D96C-40CB-97EB-B3402595C304}.Debug|x86.ActiveCfg = Debug|Win32
		{CBBA33DD-D96C-40CB-97EB-B3402595C304}.Debug|x86.Build.0 = Debug|Win32
		{CBBA33DD-D96C-40CB-97EB-B3402595C304}.Release|x64.ActiveCfg = Release|x64
		{CBBA33DD-D96C-40CB-97EB-B3402595C304}.Release|x64.Build.0 = Release|x64
		{CBBA33DD-D96C-40CB-97EB-B3402595C304}.Release|x86.ActiveCfg = Release|Win32
		{CBBA33DD-D96C-40CB-97EB-B3402595C304}.Release|x86.Build.0 = Release|Win32
		{5335A360-3BA1-433D-B6B3-E032FDE09723}.Debug|x64.ActiveCfg = Debug|x64
		{5335A360-3BA1-433D-B6B3-E032FDE09723}.Debug|x64.Build.0 = Debug|x64
		{5335A360-3BA1-433D-B6B3-E032FDE09723}.Debug|x86.ActiveCfg = Debug|Win32
		{5335A360-3BA1-433D-B6B3-E032FDE09723}.Debug|x86.Build.0 = Debug|Win32
		{5335A360-3BA1-433D-B6B3-E032FDE09723}.Release|x64.ActiveCfg = Release|x64
		{5335A360-3BA1-433D-B6B3-E032FDE09723}.Release|x64.Build.0 = Release|x64
		{5335A360-3BA1-433D-B6B3-E032FDE09723}.Release|x86.ActiveCfg = Release|Win32
		{5335A360-3BA1-433D-B6B3-E032FDE09723}.Release|x86.Build.0 = Release|Win32
		{04DA97A0-EBE4-4BB5-8CD3-2B9A4609387F}.Debug|x64.ActiveCfg = Debug|x64
		{04DA97A0-EBE4-4BB5-8CD3-2B9A4609387F}.Debug|x64.Build.0 = Debug|x64
		{04DA97A0-EBE4-4BB5-8CD3-2B9A4609387F}.Debug|x86.ActiveCfg = Debug|Win32
		{04DA97A0-EBE4-4BB5-8CD3-2B9A4609387F}.Debug|x86.Build.0 = Debug|Win32
		{04DA97A0-EBE4-4BB5-8CD3-2B9A4609387F}.Release|x64.ActiveCfg = Release|x64
		{04DA97A0-EBE4-4BB5-8CD3-2B9A4609387F}.Release|x64.Build.0 = Release|x64
		{04DA97A0-EBE4-4BB5-8CD3-2B9A4609387F}.Release|x86.ActiveCfg = Release|Win32
		{04DA97A0-EBE4-4BB5-8CD3-2B9A4609387F}.Release|x86.Build.0 = Release|Win32
		{3FE7F7C8-7075-45C2-8EE3-D019586C50E1}.Debug|x64.ActiveCfg = Debug|x64
		{3FE7F7C8-7075-45C2-8EE3-D019586C50E1}.Debug|x64.Build.0 = Debug|x64
		{3FE7F7C8-7075-45C2-8EE3-D019586C50E1}.Debug|x86.ActiveCfg = Debug|Win32
		{3FE7F7C8-7075-45C2-8EE3-D019586C50E1}.Debug|x86.Build.0 = Debug|Win32
		{3FE7F7C8-7075-45C2-8EE3-D019586C50E1}.Release|x64.ActiveCfg = Release|x64
		{3FE7F7C8-7075-45C2-8EE3-D019586C50E1}.Release|x64.Build.0 = Release|x64
		{3FE7F7C8-7075-45C2-8EE3-D019586C50E1}.Release|x86.ActiveCfg = Release|Win32
		{3FE7F7C8-7075-45C2-8EE3-D019586C50E1}.Release|x86.Build.0 = Release|Win32
		{98E3A008-61F7-4AE5-A2F7-CFD415140598}.Debug|x64.ActiveCfg = Debug|x64
		{98E3A008-61F7-4AE5-A2F7-CFD415140598}.Debug|x64.Build.0 = Debug|x64
		{98E3A008-61F7-4AE5-A2F7-CFD415140598}.Debug|x86.ActiveCfg = Debug|Win32
		{98E3A008-61F7-4AE5-A2F7-CFD415140598}.Debug|x86.Build.0 = Debug|Win32
		{98E3A008-61F7-4AE5-A2F7-CFD415140598}.Release|x64.ActiveCfg = Release|x64
		{98E3A008-61F7-4AE5-A2F7-CFD415140598}.Release|x64.Build.0 = Release|x64
		{98E3A008-61F7-4AE5-A2F7-CFD415140598}.Release|x86.ActiveCfg = Release|Win32
		{98E3A008-61F7-4AE5-A2F7-CFD415140598}.Release|x86.Build.0 = Release|Win32
		{87424B9C-E39A-4CF1-8C60-B697A1A2A281}.Debug|x64.ActiveCfg = Debug|x64
		{87424B9C-E39A-4CF1-8C60-B697A1A2A281}.Debug|x64.Build.0 = Debug|x64
		{87424B9C-E39A-4CF1-8C60-B697A1A2A281}.Debug|x86.ActiveCfg = Debug|Win32
		{87424B9C-E39A-4CF1-8C60-B697A1A2A281}.Debug|x86.Build.0 = Debug|Win32
		{87424B9C-E39A-4CF1-8C60-B697A1A2A281}.Release|x64.ActiveCfg = Release|x64
		{87424B9C-E39A-4CF1-8C60-B697A1A2A281}.Release|x64.Build.0 = Release|x64
		{87424B9C-E39A-4CF1-8C60-B697A1A2A281}.Release|x86.ActiveCfg = Release|Win32
		{87424B9C-E39A-4CF1-8C60-B697A1A2A281}.Release|x86.Build.0 = Release|Win32
		{9C5A01B3-AE72-4659-A271-5848BAE76B33}.Debug|x64.ActiveCfg = Debug|x64
		{9C5A01B3-AE72-4659-A271-5848BAE76B33}.Debug|x64.Build.0 = Debug|x64
		{9C5A01B3-AE72-4659-A271-5848BAE76B33}.Debug|x86.ActiveCfg = Debug|Win32
		{9C5A01B3-AE72-4659-A271-5848BAE76B33}.Debug|x86.Build.0 = Debug|Win32
		{9C5A01B3-AE72-4659-A271-5848BAE76B33}.Release|x64.ActiveCfg = Release|x64
		{9C5A01B3-AE72-4659-A271-5848BAE76B33}.Release|x64.Build.0 = Release|x64
		{9C5A01B3-AE72-4659-A271-5848BAE76B33}.Release|x86.ActiveCfg = Release|Win32
		{9C5A01B3-AE72-4659-A271-5848BAE76B33}.Release|x86.Build.0 = Release|Win32
		{11964EEB-F057-4F42-85BA-3295B5CF908C}.Debug|x64.ActiveCfg = Debug|x64
		{11964EEB-F057-4F42-85BA-3295B5CF908C}.Debug|x64.Build.0 = Debug|x64
		{11964EEB-F057-4F42-85BA-3295B5CF908C}.Debug|x86.ActiveCfg = Debug|Win32
		{11964EEB-F057-4F42-85BA-3295B5CF908C}.Debug|x86.Build.0 = Debug|Win32
		{11964EEB-F057-4F42-85BA-3295B5CF908C}.Release|x64.ActiveCfg = Release|x64
		{11964EEB-F057-4F42-85BA-3295B5CF908C}.Release|x64.Build.0 = Release|x64
		{11964EEB-F057-4F42-85BA-3295B5CF908C}.Release|x86.ActiveCfg = Release|Win32
		{11964EEB-F057-4F42-85BA-3295B5CF908C}.Release|x86.Build.0 = Release|Win32
		{35F9EE7B-0A04-4451-89B9-C2F89C73016A}.Debug|x64.ActiveCfg = Debug|x64
		{35F9EE7B-0A04-4451-89B9-C2F89C73016A}.Debug|x64.Build.0 = Debug|x64
		{35F9EE7B-0A04-4451-89B9-C2F89C73016A}.Debug|x86.ActiveCfg = Debug|Win32
		{35F9EE7B-0A04-4451-89B9-C2F89C73016A}.Debug|x86.Build.0 = Debug|Win32
		{35F9EE7B-0A04-4451-89B9-C2F89C73016A}.Release|x64.ActiveCfg = Release|x64
		{35F9EE7B-0A04-4451-89B9-C2F89C73016A}.Release|x64.Build.0 = Release|x64
		{35F9EE7B-0A04-4451-89B9-C2F89C73016A}.Release|x86.ActiveCfg = Release|Win32
		{35F9EE7B-0A04-4451-89B9-C2F89C73016A}.Release|x86.Build.0 = Release|Win32
		{A7EAE04B-C45E-4149-8653-0897E45BD021}.Debug|x64.ActiveCfg = Debug|x64
		{A7EAE04B-C45E-4149-8653-0897E45BD021}.Debug|x64.Build.0 = Debug|x64
		{A7EAE04B-C45E-4149-8653-0897E45BD021}.Debug|x86.ActiveCfg = Debug|Win32
		{A7EAE04B-C45E-4149-8653-0897E45BD021}.Debug|x86.Build.0 = Debug|Win32
		{A7EAE04B-C45E-4149-8653-0897E45BD021}.Release|x64.ActiveCfg = Release|x64
		{A7EAE04B-C45E-4149-8653-0897E45BD021}.Release|x64.Build.0 = Release|x64
		{A7EAE04B-C45E-4149-8653-0897E45BD021}.Release|x86.ActiveCfg = Release|Win32
		{A7EAE04B-C45E-4149-8653-0897E45BD021}.Release|x86.Build.0 = Release|Win32
	EndGlobalSection
	GlobalSection(SolutionProperties) = preSolution
		HideSolutionNode = FALSE
	EndGlobalSection
	GlobalSection(ExtensibilityGlobals) = postSolution
		SolutionGuid = {5F056E9E-5F1C-4E2F-B392-1530DE48B8FA}
	EndGlobalSection
EndGlobal
